{
    "_readme": [
        "This file locks the dependencies of your project to a known state",
        "Read more about it at https://getcomposer.org/doc/01-basic-usage.md#composer-lock-the-lock-file",
        "This file is @generated automatically"
    ],
    "hash": "3bae82f1421e06a22204fbd34dc197f0",
    "content-hash": "38428d56c46360004fdf66ce9b4c2699",
    "packages": [
        {
            "name": "mervick/emojionearea",
            "version": "v3.4.1",
            "source": {
                "type": "git",
                "url": "https://github.com/mervick/emojionearea.git",
                "reference": "dc73dc556fdc6e82c5d26847533b893ece255ce1"
            },
            "dist": {
                "type": "zip",
                "url": "https://api.github.com/repos/mervick/emojionearea/zipball/dc73dc556fdc6e82c5d26847533b893ece255ce1",
                "reference": "dc73dc556fdc6e82c5d26847533b893ece255ce1",
                "shasum": ""
            },
            "type": "plugin",
            "extra": {
                "asset-installer-paths": {
                    "npm-asset-library": "vendor/npm",
                    "bower-asset-library": "vendor/bower"
                }
            },
            "notification-url": "https://packagist.org/downloads/",
            "license": [
                "MIT"
            ],
            "authors": [
                {
                    "name": "Andrey Izman",
                    "email": "izmanw@gmail.com"
                },
                {
                    "name": "Klas Lundberg",
                    "email": "klas.lundberg@instinct.se"
                },
                {
                    "name": "Merlin Mason",
                    "email": "info@merlinmason.co.uk"
                }
            ],
            "description": "WYSIWYG-like EmojiOne Converter / Picker Plugin for jQuery",
            "time": "2018-02-09 22:44:43"
        }
    ],
    "packages-dev": [],
    "aliases": [],
    "minimum-stability": "stable",
    "stability-flags": [],
    "prefer-stable": false,
    "prefer-lowest": false,
    "platform": [],
    "platform-dev": []
}
